
Microsoft Visual Studio Solution File, Format Version 12.00
# Visual Studio Version 16
VisualStudioVersion = 16.0.36128.20
MinimumVisualStudioVersion = 10.0.40219.1
Project("{FAE04EC0-301F-11D3-BF4B-00C04F79EFBC}") = "RegistroEstudiantes", "RegistroEstudiantes\RegistroEstudiantes.csproj", "{FBD746CB-A87E-4C35-9AF9-30B50355126F}"
	ProjectSection(ProjectDependencies) = postProject
		{55A839A9-E993-46FE-A8B1-E415B56A382D} = {55A839A9-E993-46FE-A8B1-E415B56A382D}
		{7D620ED3-0047-4A20-9F01-7981AC54175A} = {7D620ED3-0047-4A20-9F01-7981AC54175A}
		{C0E6D826-694B-4EA6-AC1C-AADD3F04FE0F} = {C0E6D826-694B-4EA6-AC1C-AADD3F04FE0F}
	EndProjectSection
EndProject
Project("{FAE04EC0-301F-11D3-BF4B-00C04F79EFBC}") = "Aplicacion", "Aplicacion\Aplicacion.csproj", "{55A839A9-E993-46FE-A8B1-E415B56A382D}"
	ProjectSection(ProjectDependencies) = postProject
		{7D620ED3-0047-4A20-9F01-7981AC54175A} = {7D620ED3-0047-4A20-9F01-7981AC54175A}
		{C0E6D826-694B-4EA6-AC1C-AADD3F04FE0F} = {C0E6D826-694B-4EA6-AC1C-AADD3F04FE0F}
	EndProjectSection
EndProject
Project("{FAE04EC0-301F-11D3-BF4B-00C04F79EFBC}") = "Dominio", "Dominio\Dominio.csproj", "{C0E6D826-694B-4EA6-AC1C-AADD3F04FE0F}"
EndProject
Project("{FAE04EC0-301F-11D3-BF4B-00C04F79EFBC}") = "Infraestructura", "Infraestructura\Infraestructura.csproj", "{7D620ED3-0047-4A20-9F01-7981AC54175A}"
	ProjectSection(ProjectDependencies) = postProject
		{C0E6D826-694B-4EA6-AC1C-AADD3F04FE0F} = {C0E6D826-694B-4EA6-AC1C-AADD3F04FE0F}
	EndProjectSection
EndProject
Global
	GlobalSection(SolutionConfigurationPlatforms) = preSolution
		Debug|Any CPU = Debug|Any CPU
		Release|Any CPU = Release|Any CPU
	EndGlobalSection
	GlobalSection(ProjectConfigurationPlatforms) = postSolution
		{FBD746CB-A87E-4C35-9AF9-30B50355126F}.Debug|Any CPU.ActiveCfg = Debug|Any CPU
		{FBD746CB-A87E-4C35-9AF9-30B50355126F}.Debug|Any CPU.Build.0 = Debug|Any CPU
		{FBD746CB-A87E-4C35-9AF9-30B50355126F}.Release|Any CPU.ActiveCfg = Release|Any CPU
		{FBD746CB-A87E-4C35-9AF9-30B50355126F}.Release|Any CPU.Build.0 = Release|Any CPU
		{55A839A9-E993-46FE-A8B1-E415B56A382D}.Debug|Any CPU.ActiveCfg = Debug|Any CPU
		{55A839A9-E993-46FE-A8B1-E415B56A382D}.Debug|Any CPU.Build.0 = Debug|Any CPU
		{55A839A9-E993-46FE-A8B1-E415B56A382D}.Release|Any CPU.ActiveCfg = Release|Any CPU
		{55A839A9-E993-46FE-A8B1-E415B56A382D}.Release|Any CPU.Build.0 = Release|Any CPU
		{C0E6D826-694B-4EA6-AC1C-AADD3F04FE0F}.Debug|Any CPU.ActiveCfg = Debug|Any CPU
		{C0E6D826-694B-4EA6-AC1C-AADD3F04FE0F}.Debug|Any CPU.Build.0 = Debug|Any CPU
		{C0E6D826-694B-4EA6-AC1C-AADD3F04FE0F}.Release|Any CPU.ActiveCfg = Release|Any CPU
		{C0E6D826-694B-4EA6-AC1C-AADD3F04FE0F}.Release|Any CPU.Build.0 = Release|Any CPU
		{7D620ED3-0047-4A20-9F01-7981AC54175A}.Debug|Any CPU.ActiveCfg = Debug|Any CPU
		{7D620ED3-0047-4A20-9F01-7981AC54175A}.Debug|Any CPU.Build.0 = Debug|Any CPU
		{7D620ED3-0047-4A20-9F01-7981AC54175A}.Release|Any CPU.ActiveCfg = Release|Any CPU
		{7D620ED3-0047-4A20-9F01-7981AC54175A}.Release|Any CPU.Build.0 = Release|Any CPU
	EndGlobalSection
	GlobalSection(SolutionProperties) = preSolution
		HideSolutionNode = FALSE
	EndGlobalSection
	GlobalSection(ExtensibilityGlobals) = postSolution
		SolutionGuid = {1222E368-D05B-4BD6-B8AF-9C952D2B9DC7}
	EndGlobalSection
EndGlobal
